
Microsoft Visual Studio Solution File, Format Version 12.00
# Visual Studio Version 16
VisualStudioVersion = 16.0.30011.22
MinimumVisualStudioVersion = 10.0.40219.1
Project("{FAE04EC0-301F-11D3-BF4B-00C04F79EFBC}") = "Формы_практика2", "Формы_практика2.csproj", "{F41546DD-9881-4004-B4A3-A9D29D35D106}"
EndProject
Global
	GlobalSection(SolutionConfigurationPlatforms) = preSolution
		Debug|Any CPU = Debug|Any CPU
		Release|Any CPU = Release|Any CPU
	EndGlobalSection
	GlobalSection(ProjectConfigurationPlatforms) = postSolution
		{F41546DD-9881-4004-B4A3-A9D29D35D106}.Debug|Any CPU.ActiveCfg = Debug|Any CPU
		{F41546DD-9881-4004-B4A3-A9D29D35D106}.Debug|Any CPU.Build.0 = Debug|Any CPU
		{F41546DD-9881-4004-B4A3-A9D29D35D106}.Release|Any CPU.ActiveCfg = Release|Any CPU
		{F41546DD-9881-4004-B4A3-A9D29D35D106}.Release|Any CPU.Build.0 = Release|Any CPU
	EndGlobalSection
	GlobalSection(SolutionProperties) = preSolution
		HideSolutionNode = FALSE
	EndGlobalSection
	GlobalSection(ExtensibilityGlobals) = postSolution
		SolutionGuid = {E7588A87-4878-4D32-B7FA-2BB17086738A}
	EndGlobalSection
EndGlobal
